
Microsoft Visual Studio Solution File, Format Version 12.00
# Visual Studio Version 17
VisualStudioVersion = 17.14.37012.4
MinimumVisualStudioVersion = 10.0.40219.1
Project("{FAE04EC0-301F-11D3-BF4B-00C04F79EFBC}") = "PasswordsManagement-Business", "PasswordsManagement-Business\PasswordsManagement-Business.csproj", "{038F593A-622C-AD8D-BA0E-9B3E0F74DE6B}"
EndProject
Project("{FAE04EC0-301F-11D3-BF4B-00C04F79EFBC}") = "PasswordsManagement-DataAccess", "PasswordsManagement-DataAccess\PasswordsManagement-DataAccess.csproj", "{9A27A43D-9FFF-4856-3988-57D949F5C62E}"
EndProject
Project("{FAE04EC0-301F-11D3-BF4B-00C04F79EFBC}") = "PasswordsManagement", "PasswordsManagement-Presentation\PasswordsManagement.csproj", "{C4250CF6-41B2-B3DF-CDE3-0F3DD9E76E94}"
EndProject
Global
	GlobalSection(SolutionConfigurationPlatforms) = preSolution
		Debug|Any CPU = Debug|Any CPU
		Release|Any CPU = Release|Any CPU
	EndGlobalSection
	GlobalSection(ProjectConfigurationPlatforms) = postSolution
		{038F593A-622C-AD8D-BA0E-9B3E0F74DE6B}.Debug|Any CPU.ActiveCfg = Debug|Any CPU
		{038F593A-622C-AD8D-BA0E-9B3E0F74DE6B}.Debug|Any CPU.Build.0 = Debug|Any CPU
		{038F593A-622C-AD8D-BA0E-9B3E0F74DE6B}.Release|Any CPU.ActiveCfg = Release|Any CPU
		{038F593A-622C-AD8D-BA0E-9B3E0F74DE6B}.Release|Any CPU.Build.0 = Release|Any CPU
		{9A27A43D-9FFF-4856-3988-57D949F5C62E}.Debug|Any CPU.ActiveCfg = Debug|Any CPU
		{9A27A43D-9FFF-4856-3988-57D949F5C62E}.Debug|Any CPU.Build.0 = Debug|Any CPU
		{9A27A43D-9FFF-4856-3988-57D949F5C62E}.Release|Any CPU.ActiveCfg = Release|Any CPU
		{9A27A43D-9FFF-4856-3988-57D949F5C62E}.Release|Any CPU.Build.0 = Release|Any CPU
		{C4250CF6-41B2-B3DF-CDE3-0F3DD9E76E94}.Debug|Any CPU.ActiveCfg = Debug|Any CPU
		{C4250CF6-41B2-B3DF-CDE3-0F3DD9E76E94}.Debug|Any CPU.Build.0 = Debug|Any CPU
		{C4250CF6-41B2-B3DF-CDE3-0F3DD9E76E94}.Release|Any CPU.ActiveCfg = Release|Any CPU
		{C4250CF6-41B2-B3DF-CDE3-0F3DD9E76E94}.Release|Any CPU.Build.0 = Release|Any CPU
	EndGlobalSection
	GlobalSection(SolutionProperties) = preSolution
		HideSolutionNode = FALSE
	EndGlobalSection
	GlobalSection(ExtensibilityGlobals) = postSolution
		SolutionGuid = {04D83253-E4CF-4A18-BD53-D57565E7291E}
	EndGlobalSection
EndGlobal
